// !$*UTF8*$!
{
	archiveVersion = 1;
	classes = {
	};
	objectVersion = 70;
	objects = {

/* Begin PBXBuildFile section */
		DD84E6502DE7986300656DC5 /* DependencyContainer.swift in Sources */ = {isa = PBXBuildFile; fileRef = DD84E64F2DE7986300656DC5 /* DependencyContainer.swift */; };
		DD84E6542DE8CFE400656DC5 /* WeeklySummaryView.swift in Sources */ = {isa = PBXBuildFile; fileRef = DD84E6532DE8CFE400656DC5 /* WeeklySummaryView.swift */; };
		DD84E6562DE8E26900656DC5 /* WeeklyCaloriesViewModel.swift in Sources */ = {isa = PBXBuildFile; fileRef = DD84E6552DE8E26900656DC5 /* WeeklyCaloriesViewModel.swift */; };
		DE087A522D6CB6E700B6F6AF /* MacroTrackerApp.swift in Sources */ = {isa = PBXBuildFile; fileRef = DE087A512D6CB6E700B6F6AF /* MacroTrackerApp.swift */; };
		DE087A562D6CB6E900B6F6AF /* Assets.xcassets in Resources */ = {isa = PBXBuildFile; fileRef = DE087A552D6CB6E900B6F6AF /* Assets.xcassets */; };
		DE087A592D6CB6E900B6F6AF /* Preview Assets.xcassets in Resources */ = {isa = PBXBuildFile; fileRef = DE087A582D6CB6E900B6F6AF /* Preview Assets.xcassets */; };
		DE69DA4C2DEF2BBF00533B61 /* Manrope.ttf in Resources */ = {isa = PBXBuildFile; fileRef = DE69DA4B2DEF2BBF00533B61 /* Manrope.ttf */; };
		DE6D6C842D8859CD00AC3E72 /* APIHelper.swift in Sources */ = {isa = PBXBuildFile; fileRef = DE6D6C832D8859CD00AC3E72 /* APIHelper.swift */; };
		DE6D6C862D8859E500AC3E72 /* APIClient.swift in Sources */ = {isa = PBXBuildFile; fileRef = DE6D6C852D8859E500AC3E72 /* APIClient.swift */; };
		DE6D6C892D885A1B00AC3E72 /* NutritionEndpoint.swift in Sources */ = {isa = PBXBuildFile; fileRef = DE6D6C882D885A1B00AC3E72 /* NutritionEndpoint.swift */; };
		DE6D6C8B2D885D5200AC3E72 /* NutritionService.swift in Sources */ = {isa = PBXBuildFile; fileRef = DE6D6C8A2D885D5100AC3E72 /* NutritionService.swift */; };
		DE6D6C8D2D885D8400AC3E72 /* Nutrition.swift in Sources */ = {isa = PBXBuildFile; fileRef = DE6D6C8C2D885D8400AC3E72 /* Nutrition.swift */; };
		DE6D6C932D885F9600AC3E72 /* HomeView.swift in Sources */ = {isa = PBXBuildFile; fileRef = DE6D6C922D885F9600AC3E72 /* HomeView.swift */; };
		DE6D6C952D885FA000AC3E72 /* HomeViewModel.swift in Sources */ = {isa = PBXBuildFile; fileRef = DE6D6C942D885FA000AC3E72 /* HomeViewModel.swift */; };
		DE74B4212DE847AF00D52684 /* NutritionRepository.swift in Sources */ = {isa = PBXBuildFile; fileRef = DE74B4202DE847AF00D52684 /* NutritionRepository.swift */; };
		DE74B4232DE8765F00D52684 /* NutritionCacheService.swift in Sources */ = {isa = PBXBuildFile; fileRef = DE74B4222DE8765F00D52684 /* NutritionCacheService.swift */; };
		DEA334B42DDF54470070BD7F /* NutritionDatabaseService.swift in Sources */ = {isa = PBXBuildFile; fileRef = DEA334B32DDF54470070BD7F /* NutritionDatabaseService.swift */; };
		DEAE3F5B2DD4DFBA0096E587 /* SearchFoodView.swift in Sources */ = {isa = PBXBuildFile; fileRef = DEAE3F5A2DD4DFBA0096E587 /* SearchFoodView.swift */; };
		DEAE3F5D2DD4DFFA0096E587 /* FoodNutritionView.swift in Sources */ = {isa = PBXBuildFile; fileRef = DEAE3F5C2DD4DFFA0096E587 /* FoodNutritionView.swift */; };
		DEAE3F612DD616AF0096E587 /* FoodItem.swift in Sources */ = {isa = PBXBuildFile; fileRef = DEAE3F602DD616AF0096E587 /* FoodItem.swift */; };
/* End PBXBuildFile section */

/* Begin PBXFileReference section */
		DD84E64F2DE7986300656DC5 /* DependencyContainer.swift */ = {isa = PBXFileReference; lastKnownFileType = sourcecode.swift; path = DependencyContainer.swift; sourceTree = "<group>"; };
		DD84E6532DE8CFE400656DC5 /* WeeklySummaryView.swift */ = {isa = PBXFileReference; lastKnownFileType = sourcecode.swift; path = WeeklySummaryView.swift; sourceTree = "<group>"; };
		DD84E6552DE8E26900656DC5 /* WeeklyCaloriesViewModel.swift */ = {isa = PBXFileReference; lastKnownFileType = sourcecode.swift; path = WeeklyCaloriesViewModel.swift; sourceTree = "<group>"; };
		DE087A4E2D6CB6E700B6F6AF /* MacroTracker.app */ = {isa = PBXFileReference; explicitFileType = wrapper.application; includeInIndex = 0; path = MacroTracker.app; sourceTree = BUILT_PRODUCTS_DIR; };
		DE087A512D6CB6E700B6F6AF /* MacroTrackerApp.swift */ = {isa = PBXFileReference; lastKnownFileType = sourcecode.swift; path = MacroTrackerApp.swift; sourceTree = "<group>"; };
		DE087A552D6CB6E900B6F6AF /* Assets.xcassets */ = {isa = PBXFileReference; lastKnownFileType = folder.assetcatalog; path = Assets.xcassets; sourceTree = "<group>"; };
		DE087A582D6CB6E900B6F6AF /* Preview Assets.xcassets */ = {isa = PBXFileReference; lastKnownFileType = folder.assetcatalog; path = "Preview Assets.xcassets"; sourceTree = "<group>"; };
		DE69DA4B2DEF2BBF00533B61 /* Manrope.ttf */ = {isa = PBXFileReference; lastKnownFileType = file; path = Manrope.ttf; sourceTree = "<group>"; };
		DE69DA4D2DEF2C2B00533B61 /* Info.plist */ = {isa = PBXFileReference; lastKnownFileType = text.plist; path = Info.plist; sourceTree = "<group>"; };
		DE6D6C832D8859CD00AC3E72 /* APIHelper.swift */ = {isa = PBXFileReference; lastKnownFileType = sourcecode.swift; path = APIHelper.swift; sourceTree = "<group>"; };
		DE6D6C852D8859E500AC3E72 /* APIClient.swift */ = {isa = PBXFileReference; lastKnownFileType = sourcecode.swift; path = APIClient.swift; sourceTree = "<group>"; };
		DE6D6C882D885A1B00AC3E72 /* NutritionEndpoint.swift */ = {isa = PBXFileReference; lastKnownFileType = sourcecode.swift; path = NutritionEndpoint.swift; sourceTree = "<group>"; };
		DE6D6C8A2D885D5100AC3E72 /* NutritionService.swift */ = {isa = PBXFileReference; lastKnownFileType = sourcecode.swift; path = NutritionService.swift; sourceTree = "<group>"; };
		DE6D6C8C2D885D8400AC3E72 /* Nutrition.swift */ = {isa = PBXFileReference; lastKnownFileType = sourcecode.swift; path = Nutrition.swift; sourceTree = "<group>"; };
		DE6D6C922D885F9600AC3E72 /* HomeView.swift */ = {isa = PBXFileReference; lastKnownFileType = sourcecode.swift; path = HomeView.swift; sourceTree = "<group>"; };
		DE6D6C942D885FA000AC3E72 /* HomeViewModel.swift */ = {isa = PBXFileReference; lastKnownFileType = sourcecode.swift; path = HomeViewModel.swift; sourceTree = "<group>"; };
		DE74B4202DE847AF00D52684 /* NutritionRepository.swift */ = {isa = PBXFileReference; lastKnownFileType = sourcecode.swift; path = NutritionRepository.swift; sourceTree = "<group>"; };
		DE74B4222DE8765F00D52684 /* NutritionCacheService.swift */ = {isa = PBXFileReference; lastKnownFileType = sourcecode.swift; path = NutritionCacheService.swift; sourceTree = "<group>"; };
		DEA334B32DDF54470070BD7F /* NutritionDatabaseService.swift */ = {isa = PBXFileReference; lastKnownFileType = sourcecode.swift; path = NutritionDatabaseService.swift; sourceTree = "<group>"; };
		DEAE3F5A2DD4DFBA0096E587 /* SearchFoodView.swift */ = {isa = PBXFileReference; lastKnownFileType = sourcecode.swift; path = SearchFoodView.swift; sourceTree = "<group>"; };
		DEAE3F5C2DD4DFFA0096E587 /* FoodNutritionView.swift */ = {isa = PBXFileReference; lastKnownFileType = sourcecode.swift; path = FoodNutritionView.swift; sourceTree = "<group>"; };
		DEAE3F602DD616AF0096E587 /* FoodItem.swift */ = {isa = PBXFileReference; lastKnownFileType = sourcecode.swift; path = FoodItem.swift; sourceTree = "<group>"; };
/* End PBXFileReference section */

/* Begin PBXFileSystemSynchronizedRootGroup section */
		DE69DA4E2DEF2E0400533B61 /* Extension */ = {isa = PBXFileSystemSynchronizedRootGroup; explicitFileTypes = {}; explicitFolders = (); path = Extension; sourceTree = "<group>"; };
		DE74B4262DE8899600D52684 /* Detail */ = {isa = PBXFileSystemSynchronizedRootGroup; explicitFileTypes = {}; explicitFolders = (); path = Detail; sourceTree = "<group>"; };
/* End PBXFileSystemSynchronizedRootGroup section */

/* Begin PBXFrameworksBuildPhase section */
		DE087A4B2D6CB6E700B6F6AF /* Frameworks */ = {
			isa = PBXFrameworksBuildPhase;
			buildActionMask = 2147483647;
			files = (
			);
			runOnlyForDeploymentPostprocessing = 0;
		};
/* End PBXFrameworksBuildPhase section */

/* Begin PBXGroup section */
		DE087A452D6CB6E700B6F6AF = {
			isa = PBXGroup;
			children = (
				DE087A502D6CB6E700B6F6AF /* MacroTracker */,
				DE087A4F2D6CB6E700B6F6AF /* Products */,
			);
			sourceTree = "<group>";
		};
		DE087A4F2D6CB6E700B6F6AF /* Products */ = {
			isa = PBXGroup;
			children = (
				DE087A4E2D6CB6E700B6F6AF /* MacroTracker.app */,
			);
			name = Products;
			sourceTree = "<group>";
		};
		DE087A502D6CB6E700B6F6AF /* MacroTracker */ = {
			isa = PBXGroup;
			children = (
				DE69DA4E2DEF2E0400533B61 /* Extension */,
				DE69DA4D2DEF2C2B00533B61 /* Info.plist */,
				DE69DA4B2DEF2BBF00533B61 /* Manrope.ttf */,
				DE6D6C8E2D885F4800AC3E72 /* Views */,
				DE6D6C822D8857DE00AC3E72 /* Model */,
				DE6D6C812D8857D900AC3E72 /* Service */,
				DE6D6C802D8857D500AC3E72 /* Network */,
				DEA334B22DDF541B0070BD7F /* Database */,
				DE087A512D6CB6E700B6F6AF /* MacroTrackerApp.swift */,
				DE087A552D6CB6E900B6F6AF /* Assets.xcassets */,
				DE087A572D6CB6E900B6F6AF /* Preview Content */,
			);
			path = MacroTracker;
			sourceTree = "<group>";
		};
		DE087A572D6CB6E900B6F6AF /* Preview Content */ = {
			isa = PBXGroup;
			children = (
				DE087A582D6CB6E900B6F6AF /* Preview Assets.xcassets */,
			);
			path = "Preview Content";
			sourceTree = "<group>";
		};
		DE6D6C802D8857D500AC3E72 /* Network */ = {
			isa = PBXGroup;
			children = (
				DE6D6C832D8859CD00AC3E72 /* APIHelper.swift */,
				DE6D6C852D8859E500AC3E72 /* APIClient.swift */,
				DE6D6C882D885A1B00AC3E72 /* NutritionEndpoint.swift */,
			);
			path = Network;
			sourceTree = "<group>";
		};
		DE6D6C812D8857D900AC3E72 /* Service */ = {
			isa = PBXGroup;
			children = (
				DE74B4222DE8765F00D52684 /* NutritionCacheService.swift */,
				DE74B4202DE847AF00D52684 /* NutritionRepository.swift */,
				DE6D6C8A2D885D5100AC3E72 /* NutritionService.swift */,
				DD84E64F2DE7986300656DC5 /* DependencyContainer.swift */,
			);
			path = Service;
			sourceTree = "<group>";
		};
		DE6D6C822D8857DE00AC3E72 /* Model */ = {
			isa = PBXGroup;
			children = (
				DE6D6C8C2D885D8400AC3E72 /* Nutrition.swift */,
				DEAE3F602DD616AF0096E587 /* FoodItem.swift */,
			);
			path = Model;
			sourceTree = "<group>";
		};
		DE6D6C8E2D885F4800AC3E72 /* Views */ = {
			isa = PBXGroup;
			children = (
				DE74B4262DE8899600D52684 /* Detail */,
				DE6D6C8F2D885F7500AC3E72 /* Home */,
			);
			path = Views;
			sourceTree = "<group>";
		};
		DE6D6C8F2D885F7500AC3E72 /* Home */ = {
			isa = PBXGroup;
			children = (
				DE6D6C912D885F8200AC3E72 /* ViewModel */,
				DE6D6C902D885F7F00AC3E72 /* View */,
			);
			path = Home;
			sourceTree = "<group>";
		};
		DE6D6C902D885F7F00AC3E72 /* View */ = {
			isa = PBXGroup;
			children = (
				DE6D6C922D885F9600AC3E72 /* HomeView.swift */,
				DEAE3F5A2DD4DFBA0096E587 /* SearchFoodView.swift */,
				DEAE3F5C2DD4DFFA0096E587 /* FoodNutritionView.swift */,
				DD84E6532DE8CFE400656DC5 /* WeeklySummaryView.swift */,
			);
			path = View;
			sourceTree = "<group>";
		};
		DE6D6C912D885F8200AC3E72 /* ViewModel */ = {
			isa = PBXGroup;
			children = (
				DD84E6552DE8E26900656DC5 /* WeeklyCaloriesViewModel.swift */,
				DE6D6C942D885FA000AC3E72 /* HomeViewModel.swift */,
			);
			path = ViewModel;
			sourceTree = "<group>";
		};
		DEA334B22DDF541B0070BD7F /* Database */ = {
			isa = PBXGroup;
			children = (
				DEA334B32DDF54470070BD7F /* NutritionDatabaseService.swift */,
			);
			path = Database;
			sourceTree = "<group>";
		};
/* End PBXGroup section */

/* Begin PBXNativeTarget section */
		DE087A4D2D6CB6E700B6F6AF /* MacroTracker */ = {
			isa = PBXNativeTarget;
			buildConfigurationList = DE087A612D6CB6E900B6F6AF /* Build configuration list for PBXNativeTarget "MacroTracker" */;
			buildPhases = (
				DE087A4A2D6CB6E700B6F6AF /* Sources */,
				DE087A4B2D6CB6E700B6F6AF /* Frameworks */,
				DE087A4C2D6CB6E700B6F6AF /* Resources */,
			);
			buildRules = (
			);
			dependencies = (
			);
			fileSystemSynchronizedGroups = (
				DE69DA4E2DEF2E0400533B61 /* Extension */,
				DE74B4262DE8899600D52684 /* Detail */,
			);
			name = MacroTracker;
			productName = MacroTracker;
			productReference = DE087A4E2D6CB6E700B6F6AF /* MacroTracker.app */;
			productType = "com.apple.product-type.application";
		};
/* End PBXNativeTarget section */

/* Begin PBXProject section */
		DE087A462D6CB6E700B6F6AF /* Project object */ = {
			isa = PBXProject;
			attributes = {
				BuildIndependentTargetsInParallel = 1;
				LastSwiftUpdateCheck = 1500;
				LastUpgradeCheck = 1500;
				TargetAttributes = {
					DE087A4D2D6CB6E700B6F6AF = {
						CreatedOnToolsVersion = 15.0;
					};
				};
			};
			buildConfigurationList = DE087A492D6CB6E700B6F6AF /* Build configuration list for PBXProject "MacroTracker" */;
			compatibilityVersion = "Xcode 14.0";
			developmentRegion = en;
			hasScannedForEncodings = 0;
			knownRegions = (
				en,
				Base,
			);
			mainGroup = DE087A452D6CB6E700B6F6AF;
			productRefGroup = DE087A4F2D6CB6E700B6F6AF /* Products */;
			projectDirPath = "";
			projectRoot = "";
			targets = (
				DE087A4D2D6CB6E700B6F6AF /* MacroTracker */,
			);
		};
/* End PBXProject section */

/* Begin PBXResourcesBuildPhase section */
		DE087A4C2D6CB6E700B6F6AF /* Resources */ = {
			isa = PBXResourcesBuildPhase;
			buildActionMask = 2147483647;
			files = (
				DE087A592D6CB6E900B6F6AF /* Preview Assets.xcassets in Resources */,
				DE087A562D6CB6E900B6F6AF /* Assets.xcassets in Resources */,
				DE69DA4C2DEF2BBF00533B61 /* Manrope.ttf in Resources */,
			);
			runOnlyForDeploymentPostprocessing = 0;
		};
/* End PBXResourcesBuildPhase section */

/* Begin PBXSourcesBuildPhase section */
		DE087A4A2D6CB6E700B6F6AF /* Sources */ = {
			isa = PBXSourcesBuildPhase;
			buildActionMask = 2147483647;
			files = (
				DD84E6502DE7986300656DC5 /* DependencyContainer.swift in Sources */,
				DE6D6C952D885FA000AC3E72 /* HomeViewModel.swift in Sources */,
				DD84E6542DE8CFE400656DC5 /* WeeklySummaryView.swift in Sources */,
				DE087A522D6CB6E700B6F6AF /* MacroTrackerApp.swift in Sources */,
				DE6D6C932D885F9600AC3E72 /* HomeView.swift in Sources */,
				DE6D6C842D8859CD00AC3E72 /* APIHelper.swift in Sources */,
				DEAE3F612DD616AF0096E587 /* FoodItem.swift in Sources */,
				DE74B4232DE8765F00D52684 /* NutritionCacheService.swift in Sources */,
				DE6D6C892D885A1B00AC3E72 /* NutritionEndpoint.swift in Sources */,
				DEA334B42DDF54470070BD7F /* NutritionDatabaseService.swift in Sources */,
				DEAE3F5D2DD4DFFA0096E587 /* FoodNutritionView.swift in Sources */,
				DEAE3F5B2DD4DFBA0096E587 /* SearchFoodView.swift in Sources */,
				DE6D6C8B2D885D5200AC3E72 /* NutritionService.swift in Sources */,
				DD84E6562DE8E26900656DC5 /* WeeklyCaloriesViewModel.swift in Sources */,
				DE74B4212DE847AF00D52684 /* NutritionRepository.swift in Sources */,
				DE6D6C862D8859E500AC3E72 /* APIClient.swift in Sources */,
				DE6D6C8D2D885D8400AC3E72 /* Nutrition.swift in Sources */,
			);
			runOnlyForDeploymentPostprocessing = 0;
		};
/* End PBXSourcesBuildPhase section */

/* Begin XCBuildConfiguration section */
		DE087A5F2D6CB6E900B6F6AF /* Debug */ = {
			isa = XCBuildConfiguration;
			buildSettings = {
				ALWAYS_SEARCH_USER_PATHS = NO;
				ASSETCATALOG_COMPILER_GENERATE_SWIFT_ASSET_SYMBOL_EXTENSIONS = YES;
				CLANG_ANALYZER_NONNULL = YES;
				CLANG_ANALYZER_NUMBER_OBJECT_CONVERSION = YES_AGGRESSIVE;
				CLANG_CXX_LANGUAGE_STANDARD = "gnu++20";
				CLANG_ENABLE_MODULES = YES;
				CLANG_ENABLE_OBJC_ARC = YES;
				CLANG_ENABLE_OBJC_WEAK = YES;
				CLANG_WARN_BLOCK_CAPTURE_AUTORELEASING = YES;
				CLANG_WARN_BOOL_CONVERSION = YES;
				CLANG_WARN_COMMA = YES;
				CLANG_WARN_CONSTANT_CONVERSION = YES;
				CLANG_WARN_DEPRECATED_OBJC_IMPLEMENTATIONS = YES;
				CLANG_WARN_DIRECT_OBJC_ISA_USAGE = YES_ERROR;
				CLANG_WARN_DOCUMENTATION_COMMENTS = YES;
				CLANG_WARN_EMPTY_BODY = YES;
				CLANG_WARN_ENUM_CONVERSION = YES;
				CLANG_WARN_INFINITE_RECURSION = YES;
				CLANG_WARN_INT_CONVERSION = YES;
				CLANG_WARN_NON_LITERAL_NULL_CONVERSION = YES;
				CLANG_WARN_OBJC_IMPLICIT_RETAIN_SELF = YES;
				CLANG_WARN_OBJC_LITERAL_CONVERSION = YES;
				CLANG_WARN_OBJC_ROOT_CLASS = YES_ERROR;
				CLANG_WARN_QUOTED_INCLUDE_IN_FRAMEWORK_HEADER = YES;
				CLANG_WARN_RANGE_LOOP_ANALYSIS = YES;
				CLANG_WARN_STRICT_PROTOTYPES = YES;
				CLANG_WARN_SUSPICIOUS_MOVE = YES;
				CLANG_WARN_UNGUARDED_AVAILABILITY = YES_AGGRESSIVE;
				CLANG_WARN_UNREACHABLE_CODE = YES;
				CLANG_WARN__DUPLICATE_METHOD_MATCH = YES;
				COPY_PHASE_STRIP = NO;
				DEBUG_INFORMATION_FORMAT = dwarf;
				ENABLE_STRICT_OBJC_MSGSEND = YES;
				ENABLE_TESTABILITY = YES;
				ENABLE_USER_SCRIPT_SANDBOXING = YES;
				GCC_C_LANGUAGE_STANDARD = gnu17;
				GCC_DYNAMIC_NO_PIC = NO;
				GCC_NO_COMMON_BLOCKS = YES;
				GCC_OPTIMIZATION_LEVEL = 0;
				GCC_PREPROCESSOR_DEFINITIONS = (
					"DEBUG=1",
					"$(inherited)",
				);
				GCC_WARN_64_TO_32_BIT_CONVERSION = YES;
				GCC_WARN_ABOUT_RETURN_TYPE = YES_ERROR;
				GCC_WARN_UNDECLARED_SELECTOR = YES;
				GCC_WARN_UNINITIALIZED_AUTOS = YES_AGGRESSIVE;
				GCC_WARN_UNUSED_FUNCTION = YES;
				GCC_WARN_UNUSED_VARIABLE = YES;
				IPHONEOS_DEPLOYMENT_TARGET = 17.0;
				LOCALIZATION_PREFERS_STRING_CATALOGS = YES;
				MTL_ENABLE_DEBUG_INFO = INCLUDE_SOURCE;
				MTL_FAST_MATH = YES;
				ONLY_ACTIVE_ARCH = YES;
				SDKROOT = iphoneos;
				SWIFT_ACTIVE_COMPILATION_CONDITIONS = "DEBUG $(inherited)";
				SWIFT_OPTIMIZATION_LEVEL = "-Onone";
			};
			name = Debug;
		};
		DE087A602D6CB6E900B6F6AF /* Release */ = {
			isa = XCBuildConfiguration;
			buildSettings = {
				ALWAYS_SEARCH_USER_PATHS = NO;
				ASSETCATALOG_COMPILER_GENERATE_SWIFT_ASSET_SYMBOL_EXTENSIONS = YES;
				CLANG_ANALYZER_NONNULL = YES;
				CLANG_ANALYZER_NUMBER_OBJECT_CONVERSION = YES_AGGRESSIVE;
				CLANG_CXX_LANGUAGE_STANDARD = "gnu++20";
				CLANG_ENABLE_MODULES = YES;
				CLANG_ENABLE_OBJC_ARC = YES;
				CLANG_ENABLE_OBJC_WEAK = YES;
				CLANG_WARN_BLOCK_CAPTURE_AUTORELEASING = YES;
				CLANG_WARN_BOOL_CONVERSION = YES;
				CLANG_WARN_COMMA = YES;
				CLANG_WARN_CONSTANT_CONVERSION = YES;
				CLANG_WARN_DEPRECATED_OBJC_IMPLEMENTATIONS = YES;
				CLANG_WARN_DIRECT_OBJC_ISA_USAGE = YES_ERROR;
				CLANG_WARN_DOCUMENTATION_COMMENTS = YES;
				CLANG_WARN_EMPTY_BODY = YES;
				CLANG_WARN_ENUM_CONVERSION = YES;
				CLANG_WARN_INFINITE_RECURSION = YES;
				CLANG_WARN_INT_CONVERSION = YES;
				CLANG_WARN_NON_LITERAL_NULL_CONVERSION = YES;
				CLANG_WARN_OBJC_IMPLICIT_RETAIN_SELF = YES;
				CLANG_WARN_OBJC_LITERAL_CONVERSION = YES;
				CLANG_WARN_OBJC_ROOT_CLASS = YES_ERROR;
				CLANG_WARN_QUOTED_INCLUDE_IN_FRAMEWORK_HEADER = YES;
				CLANG_WARN_RANGE_LOOP_ANALYSIS = YES;
				CLANG_WARN_STRICT_PROTOTYPES = YES;
				CLANG_WARN_SUSPICIOUS_MOVE = YES;
				CLANG_WARN_UNGUARDED_AVAILABILITY = YES_AGGRESSIVE;
				CLANG_WARN_UNREACHABLE_CODE = YES;
				CLANG_WARN__DUPLICATE_METHOD_MATCH = YES;
				COPY_PHASE_STRIP = NO;
				DEBUG_INFORMATION_FORMAT = "dwarf-with-dsym";
				ENABLE_NS_ASSERTIONS = NO;
				ENABLE_STRICT_OBJC_MSGSEND = YES;
				ENABLE_USER_SCRIPT_SANDBOXING = YES;
				GCC_C_LANGUAGE_STANDARD = gnu17;
				GCC_NO_COMMON_BLOCKS = YES;
				GCC_WARN_64_TO_32_BIT_CONVERSION = YES;
				GCC_WARN_ABOUT_RETURN_TYPE = YES_ERROR;
				GCC_WARN_UNDECLARED_SELECTOR = YES;
				GCC_WARN_UNINITIALIZED_AUTOS = YES_AGGRESSIVE;
				GCC_WARN_UNUSED_FUNCTION = YES;
				GCC_WARN_UNUSED_VARIABLE = YES;
				IPHONEOS_DEPLOYMENT_TARGET = 17.0;
				LOCALIZATION_PREFERS_STRING_CATALOGS = YES;
				MTL_ENABLE_DEBUG_INFO = NO;
				MTL_FAST_MATH = YES;
				SDKROOT = iphoneos;
				SWIFT_COMPILATION_MODE = wholemodule;
				VALIDATE_PRODUCT = YES;
			};
			name = Release;
		};
		DE087A622D6CB6E900B6F6AF /* Debug */ = {
			isa = XCBuildConfiguration;
			buildSettings = {
				ASSETCATALOG_COMPILER_APPICON_NAME = AppIcon;
				ASSETCATALOG_COMPILER_GLOBAL_ACCENT_COLOR_NAME = AccentColor;
				CODE_SIGN_STYLE = Automatic;
				CURRENT_PROJECT_VERSION = 1;
				DEVELOPMENT_ASSET_PATHS = "\"MacroTracker/Preview Content\"";
				DEVELOPMENT_TEAM = JKQNUCPDQL;
				ENABLE_PREVIEWS = YES;
				GENERATE_INFOPLIST_FILE = YES;
				INFOPLIST_FILE = MacroTracker/Info.plist;
				INFOPLIST_KEY_UIApplicationSceneManifest_Generation = YES;
				INFOPLIST_KEY_UIApplicationSupportsIndirectInputEvents = YES;
				INFOPLIST_KEY_UILaunchScreen_Generation = YES;
				INFOPLIST_KEY_UISupportedInterfaceOrientations_iPad = "UIInterfaceOrientationPortrait UIInterfaceOrientationPortraitUpsideDown UIInterfaceOrientationLandscapeLeft UIInterfaceOrientationLandscapeRight";
				INFOPLIST_KEY_UISupportedInterfaceOrientations_iPhone = "UIInterfaceOrientationPortrait UIInterfaceOrientationLandscapeLeft UIInterfaceOrientationLandscapeRight";
				LD_RUNPATH_SEARCH_PATHS = (
					"$(inherited)",
					"@executable_path/Frameworks",
				);
				MARKETING_VERSION = 1.0;
				PRODUCT_BUNDLE_IDENTIFIER = com.agorkem.MacroTracker;
				PRODUCT_NAME = "$(TARGET_NAME)";
				SWIFT_EMIT_LOC_STRINGS = YES;
				SWIFT_VERSION = 5.0;
				TARGETED_DEVICE_FAMILY = "1,2";
			};
			name = Debug;
		};
		DE087A632D6CB6E900B6F6AF /* Release */ = {
			isa = XCBuildConfiguration;
			buildSettings = {
				ASSETCATALOG_COMPILER_APPICON_NAME = AppIcon;
				ASSETCATALOG_COMPILER_GLOBAL_ACCENT_COLOR_NAME = AccentColor;
				CODE_SIGN_STYLE = Automatic;
				CURRENT_PROJECT_VERSION = 1;
				DEVELOPMENT_ASSET_PATHS = "\"MacroTracker/Preview Content\"";
				DEVELOPMENT_TEAM = JKQNUCPDQL;
				ENABLE_PREVIEWS = YES;
				GENERATE_INFOPLIST_FILE = YES;
				INFOPLIST_FILE = MacroTracker/Info.plist;
				INFOPLIST_KEY_UIApplicationSceneManifest_Generation = YES;
				INFOPLIST_KEY_UIApplicationSupportsIndirectInputEvents = YES;
				INFOPLIST_KEY_UILaunchScreen_Generation = YES;
				INFOPLIST_KEY_UISupportedInterfaceOrientations_iPad = "UIInterfaceOrientationPortrait UIInterfaceOrientationPortraitUpsideDown UIInterfaceOrientationLandscapeLeft UIInterfaceOrientationLandscapeRight";
				INFOPLIST_KEY_UISupportedInterfaceOrientations_iPhone = "UIInterfaceOrientationPortrait UIInterfaceOrientationLandscapeLeft UIInterfaceOrientationLandscapeRight";
				LD_RUNPATH_SEARCH_PATHS = (
					"$(inherited)",
					"@executable_path/Frameworks",
				);
				MARKETING_VERSION = 1.0;
				PRODUCT_BUNDLE_IDENTIFIER = com.agorkem.MacroTracker;
				PRODUCT_NAME = "$(TARGET_NAME)";
				SWIFT_EMIT_LOC_STRINGS = YES;
				SWIFT_VERSION = 5.0;
				TARGETED_DEVICE_FAMILY = "1,2";
			};
			name = Release;
		};
/* End XCBuildConfiguration section */

/* Begin XCConfigurationList section */
		DE087A492D6CB6E700B6F6AF /* Build configuration list for PBXProject "MacroTracker" */ = {
			isa = XCConfigurationList;
			buildConfigurations = (
				DE087A5F2D6CB6E900B6F6AF /* Debug */,
				DE087A602D6CB6E900B6F6AF /* Release */,
			);
			defaultConfigurationIsVisible = 0;
			defaultConfigurationName = Release;
		};
		DE087A612D6CB6E900B6F6AF /* Build configuration list for PBXNativeTarget "MacroTracker" */ = {
			isa = XCConfigurationList;
			buildConfigurations = (
				DE087A622D6CB6E900B6F6AF /* Debug */,
				DE087A632D6CB6E900B6F6AF /* Release */,
			);
			defaultConfigurationIsVisible = 0;
			defaultConfigurationName = Release;
		};
/* End XCConfigurationList section */
	};
	rootObject = DE087A462D6CB6E700B6F6AF /* Project object */;
}
